
Microsoft Visual Studio Solution File, Format Version 12.00
# Visual Studio Version 17
VisualStudioVersion = 17.10.35013.160
MinimumVisualStudioVersion = 10.0.40219.1
Project("{9A19103F-16F7-4668-BE54-9A1E7A4F7556}") = "MODELSdb", "MODELSdb.csproj", "{8EE4885B-0DE6-444B-A986-88D8A190F8F9}"
EndProject
Project("{FAE04EC0-301F-11D3-BF4B-00C04F79EFBC}") = "DATALAYERdb", "..\DATALAYERdb\DATALAYERdb.csproj", "{A3E2FC61-F782-464A-B59E-4C679EDC3EB4}"
EndProject
Project("{FAE04EC0-301F-11D3-BF4B-00C04F79EFBC}") = "BUSINESSLOGICdb", "..\BUSINESSLOGICdb\BUSINESSLOGICdb.csproj", "{07BB2384-AFDE-42DA-BE9D-A9EB16A77C38}"
EndProject
Project("{FAE04EC0-301F-11D3-BF4B-00C04F79EFBC}") = "UIAPI", "..\UIAPI\UIAPI.csproj", "{BB82A83E-AD1B-43D1-AB6B-B43F16E25544}"
EndProject
Global
	GlobalSection(SolutionConfigurationPlatforms) = preSolution
		Debug|Any CPU = Debug|Any CPU
		Release|Any CPU = Release|Any CPU
	EndGlobalSection
	GlobalSection(ProjectConfigurationPlatforms) = postSolution
		{8EE4885B-0DE6-444B-A986-88D8A190F8F9}.Debug|Any CPU.ActiveCfg = Debug|Any CPU
		{8EE4885B-0DE6-444B-A986-88D8A190F8F9}.Debug|Any CPU.Build.0 = Debug|Any CPU
		{8EE4885B-0DE6-444B-A986-88D8A190F8F9}.Release|Any CPU.ActiveCfg = Release|Any CPU
		{8EE4885B-0DE6-444B-A986-88D8A190F8F9}.Release|Any CPU.Build.0 = Release|Any CPU
		{A3E2FC61-F782-464A-B59E-4C679EDC3EB4}.Debug|Any CPU.ActiveCfg = Debug|Any CPU
		{A3E2FC61-F782-464A-B59E-4C679EDC3EB4}.Debug|Any CPU.Build.0 = Debug|Any CPU
		{A3E2FC61-F782-464A-B59E-4C679EDC3EB4}.Release|Any CPU.ActiveCfg = Release|Any CPU
		{A3E2FC61-F782-464A-B59E-4C679EDC3EB4}.Release|Any CPU.Build.0 = Release|Any CPU
		{07BB2384-AFDE-42DA-BE9D-A9EB16A77C38}.Debug|Any CPU.ActiveCfg = Debug|Any CPU
		{07BB2384-AFDE-42DA-BE9D-A9EB16A77C38}.Debug|Any CPU.Build.0 = Debug|Any CPU
		{07BB2384-AFDE-42DA-BE9D-A9EB16A77C38}.Release|Any CPU.ActiveCfg = Release|Any CPU
		{07BB2384-AFDE-42DA-BE9D-A9EB16A77C38}.Release|Any CPU.Build.0 = Release|Any CPU
		{BB82A83E-AD1B-43D1-AB6B-B43F16E25544}.Debug|Any CPU.ActiveCfg = Debug|Any CPU
		{BB82A83E-AD1B-43D1-AB6B-B43F16E25544}.Debug|Any CPU.Build.0 = Debug|Any CPU
		{BB82A83E-AD1B-43D1-AB6B-B43F16E25544}.Release|Any CPU.ActiveCfg = Release|Any CPU
		{BB82A83E-AD1B-43D1-AB6B-B43F16E25544}.Release|Any CPU.Build.0 = Release|Any CPU
	EndGlobalSection
	GlobalSection(SolutionProperties) = preSolution
		HideSolutionNode = FALSE
	EndGlobalSection
	GlobalSection(ExtensibilityGlobals) = postSolution
		SolutionGuid = {106C84BE-1873-4DD3-B64A-5734F0FEEA86}
	EndGlobalSection
EndGlobal
